
Microsoft Visual Studio Solution File, Format Version 12.00
# Visual Studio Version 17
VisualStudioVersion = 17.12.35521.163
MinimumVisualStudioVersion = 10.0.40219.1
Project("{2150E333-8FDC-42A3-9474-1A3956D46DE8}") = "Catalog", "Catalog", "{E8742AE2-D216-4A00-A6F0-307E70DDAE8D}"
EndProject
Project("{2150E333-8FDC-42A3-9474-1A3956D46DE8}") = "Services", "Services", "{5C7B8FC3-DD27-4B09-B4A2-AE5F53329E60}"
EndProject
Project("{FAE04EC0-301F-11D3-BF4B-00C04F79EFBC}") = "MultiShop.Catalog", "Services\Catalog\MultiShop.Catalog\MultiShop.Catalog.csproj", "{AF58784D-9E5C-47E6-89EE-4FFD34555847}"
EndProject
Project("{2150E333-8FDC-42A3-9474-1A3956D46DE8}") = "Discount", "Discount", "{81BAD4C5-A1F8-4A7F-A046-26B4919E4D85}"
EndProject
Project("{FAE04EC0-301F-11D3-BF4B-00C04F79EFBC}") = "MultiShop.Discount", "Services\Discount\MultiShop.Discount\MultiShop.Discount.csproj", "{93FE936F-DD32-46F4-B708-DF087087E5C4}"
EndProject
Project("{2150E333-8FDC-42A3-9474-1A3956D46DE8}") = "Order", "Order", "{931C29EF-27A5-4193-84B0-30E747B0CCC5}"
EndProject
Project("{2150E333-8FDC-42A3-9474-1A3956D46DE8}") = "IdentityServer", "IdentityServer", "{90AABFDD-6D00-431A-9223-866788FD4E4E}"
EndProject
Project("{FAE04EC0-301F-11D3-BF4B-00C04F79EFBC}") = "MultiShop.IdentityServer", "IdentityServer\MultiShop.IdentityServer\MultiShop.IdentityServer.csproj", "{0EF0EF27-7501-42D6-90EB-59A9C80289F3}"
EndProject
Project("{2150E333-8FDC-42A3-9474-1A3956D46DE8}") = "Requirements", "Requirements", "{6FB4AFA6-015A-4568-8594-B590222C69B2}"
	ProjectSection(SolutionItems) = preProject
		LoginIndex.txt = LoginIndex.txt
		OcelotCodeExample.txt = OcelotCodeExample.txt
		OcelotLink.txt = OcelotLink.txt
		OrderHtml.txt = OrderHtml.txt
		Portnumbers.txt = Portnumbers.txt
		Todo.txt = Todo.txt
		UserExample.txt = UserExample.txt
	EndProjectSection
EndProject
Project("{2150E333-8FDC-42A3-9474-1A3956D46DE8}") = "Core", "Core", "{7197AE4C-333C-4EA4-ABB3-883133610E81}"
EndProject
Project("{FAE04EC0-301F-11D3-BF4B-00C04F79EFBC}") = "MultiShop.Order.Application", "Services\Order\Core\MultiShop.Order.Application\MultiShop.Order.Application.csproj", "{3AF1170E-085A-458B-BC98-05DD78EB5BF2}"
EndProject
Project("{FAE04EC0-301F-11D3-BF4B-00C04F79EFBC}") = "MultiShop.Order.Domain", "Services\Order\Core\MultiShop.Order.Domain\MultiShop.Order.Domain.csproj", "{50C63239-FA93-496F-A7AA-78DBF54F2DBE}"
EndProject
Project("{2150E333-8FDC-42A3-9474-1A3956D46DE8}") = "Infastructure", "Infastructure", "{5A7E1B25-C737-4383-AFA6-1E790CB33261}"
EndProject
Project("{FAE04EC0-301F-11D3-BF4B-00C04F79EFBC}") = "MultiShop.Order.Persistence", "Services\Order\Infastructure\MultiShop.Order.Persistence\MultiShop.Order.Persistence.csproj", "{725F747F-9899-4FA5-92F4-ADE4847C9A49}"
EndProject
Project("{2150E333-8FDC-42A3-9474-1A3956D46DE8}") = "Presentation", "Presentation", "{8453999B-EF89-4EAE-B03E-D3AD3E00AEEC}"
EndProject
Project("{FAE04EC0-301F-11D3-BF4B-00C04F79EFBC}") = "MultiShop.Order.WebApi", "Services\Order\Presentation\MultiShop.Order.WebApi\MultiShop.Order.WebApi.csproj", "{C0FB5CD4-998C-4736-A00B-AE815C845C96}"
EndProject
Project("{2150E333-8FDC-42A3-9474-1A3956D46DE8}") = "Cargo", "Cargo", "{3313BD5D-6852-45DD-847D-01AD6D8260A1}"
EndProject
Project("{FAE04EC0-301F-11D3-BF4B-00C04F79EFBC}") = "MultiShop.Cargo.BusinessLayer", "Services\Cargo\MultiShop.Cargo.BusinessLayer\MultiShop.Cargo.BusinessLayer.csproj", "{E5DDD444-719D-466B-819F-5495EC54233B}"
EndProject
Project("{FAE04EC0-301F-11D3-BF4B-00C04F79EFBC}") = "MultiShop.Cargo.EntitiyLayer", "Services\Cargo\MultiShop.Cargo.EntitiyLayer\MultiShop.Cargo.EntitiyLayer.csproj", "{8C8BF42F-7CB1-4BEA-9439-E66B75A79B2D}"
EndProject
Project("{FAE04EC0-301F-11D3-BF4B-00C04F79EFBC}") = "MultiShop.Cargo.DataAccessLayer", "Services\Cargo\MultiShop.Cargo.DataAccessLayer\MultiShop.Cargo.DataAccessLayer.csproj", "{9005144D-0363-4B13-8875-3CE729C8B1A0}"
EndProject
Project("{FAE04EC0-301F-11D3-BF4B-00C04F79EFBC}") = "MultiShop.Cargo.DtoLayer", "Services\Cargo\MultiShop.Cargo.DtoLayer\MultiShop.Cargo.DtoLayer.csproj", "{F599C01F-3516-4C3C-AAC2-0FCCD713C0A7}"
EndProject
Project("{FAE04EC0-301F-11D3-BF4B-00C04F79EFBC}") = "MultiShop.Cargo.WebApi", "Services\Cargo\MultiShop.Cargo.WebApi\MultiShop.Cargo.WebApi.csproj", "{A9491E23-DC90-4CC9-84EF-6FB32D1DD271}"
EndProject
Project("{2150E333-8FDC-42A3-9474-1A3956D46DE8}") = "Basket", "Basket", "{4C2C57C7-94A5-4F14-A494-07556B0F9095}"
EndProject
Project("{FAE04EC0-301F-11D3-BF4B-00C04F79EFBC}") = "MultiShop.Basket", "Services\Basket\MultiShop.Basket\MultiShop.Basket.csproj", "{79154B4C-7BB5-428F-A54F-D6C912B8ECD5}"
EndProject
Project("{2150E333-8FDC-42A3-9474-1A3956D46DE8}") = "Frontends", "Frontends", "{6B7E1A66-DD84-4CB7-ABB5-6528E1F7D4A6}"
EndProject
Project("{FAE04EC0-301F-11D3-BF4B-00C04F79EFBC}") = "MultiShop.WebUI", "Frontends\MultiShop.WebUI\MultiShop.WebUI.csproj", "{1575782F-BCF6-4725-AE4A-1F8EAA5AFEDB}"
EndProject
Project("{FAE04EC0-301F-11D3-BF4B-00C04F79EFBC}") = "MultiShop.DtoLayer", "Frontends\MultiShop.DtoLayer\MultiShop.DtoLayer.csproj", "{6955DC32-925F-4E69-816A-DA900CB6B006}"
EndProject
Project("{2150E333-8FDC-42A3-9474-1A3956D46DE8}") = "Comment", "Comment", "{9DBF814B-0AA6-46E8-8127-F06ECC7E7C65}"
EndProject
Project("{FAE04EC0-301F-11D3-BF4B-00C04F79EFBC}") = "MultiShop.Comment", "Services\Comment\MultiShop.Comment\MultiShop.Comment.csproj", "{47674900-47F0-4D1F-8B56-C4738F23961D}"
EndProject
Project("{2150E333-8FDC-42A3-9474-1A3956D46DE8}") = "ApiGateway", "ApiGateway", "{77C9101D-59E4-4FB5-A353-870975B70FBD}"
EndProject
Project("{2150E333-8FDC-42A3-9474-1A3956D46DE8}") = "RapidApi", "RapidApi", "{CD87FF42-4F73-4246-8563-286010DF4313}"
EndProject
Project("{FAE04EC0-301F-11D3-BF4B-00C04F79EFBC}") = "MultiShop.OcelotGateway", "ApiGateway\MultiShop.OcelotGateway\MultiShop.OcelotGateway.csproj", "{447042C6-6060-417F-9436-D061C307CF03}"
EndProject
Project("{2150E333-8FDC-42A3-9474-1A3956D46DE8}") = "Images", "Images", "{65B2FACF-0DE9-4EE4-B413-809B6D74B13D}"
EndProject
Project("{2150E333-8FDC-42A3-9474-1A3956D46DE8}") = "Message", "Message", "{0C3A9A68-10BB-4AF7-BFED-8F124D8C74AA}"
EndProject
Project("{FAE04EC0-301F-11D3-BF4B-00C04F79EFBC}") = "MultiShop.Message", "Services\Message\MultiShop.Message\MultiShop.Message.csproj", "{8ED58975-2747-4595-AF34-78595D15414D}"
EndProject
Project("{2150E333-8FDC-42A3-9474-1A3956D46DE8}") = "SignalRRealTime", "SignalRRealTime", "{77291D3B-E2AA-4B83-830A-4E62B0C03D7E}"
EndProject
Project("{FAE04EC0-301F-11D3-BF4B-00C04F79EFBC}") = "MultiShop.SignalRRealTimeApi", "Services\SignalRRealTime\MultiShop.SignalRRealTimeApi\MultiShop.SignalRRealTimeApi.csproj", "{2DB721FE-6226-48B9-B679-0D3533053174}"
EndProject
Project("{FAE04EC0-301F-11D3-BF4B-00C04F79EFBC}") = "MultiShop.Images.WebUI", "Services\Images\MultiShop.Images.WebUI\MultiShop.Images.WebUI.csproj", "{076307DF-65BC-4DE5-A84D-72230A9E7824}"
EndProject
Project("{2150E333-8FDC-42A3-9474-1A3956D46DE8}") = "RabbitMQMessage", "RabbitMQMessage", "{997395C8-3785-4E20-855E-2F63C985A0B8}"
EndProject
Project("{FAE04EC0-301F-11D3-BF4B-00C04F79EFBC}") = "MultiShop.RabbitMQMessageApi", "Services\RabbitMQMessage\MultiShop.RabbitMQMessageApi\MultiShop.RabbitMQMessageApi.csproj", "{564F6002-9C11-4F49-9003-33792D87A143}"
EndProject
Project("{FAE04EC0-301F-11D3-BF4B-00C04F79EFBC}") = "MultiShop.RapidApiWebUI", "RapidApi\MultiShop.RapidApiWebUI\MultiShop.RapidApiWebUI.csproj", "{EB6F724F-F677-4A17-90B7-D6BA93552462}"
EndProject
Global
	GlobalSection(SolutionConfigurationPlatforms) = preSolution
		Debug|Any CPU = Debug|Any CPU
		Release|Any CPU = Release|Any CPU
	EndGlobalSection
	GlobalSection(ProjectConfigurationPlatforms) = postSolution
		{AF58784D-9E5C-47E6-89EE-4FFD34555847}.Debug|Any CPU.ActiveCfg = Debug|Any CPU
		{AF58784D-9E5C-47E6-89EE-4FFD34555847}.Debug|Any CPU.Build.0 = Debug|Any CPU
		{AF58784D-9E5C-47E6-89EE-4FFD34555847}.Release|Any CPU.ActiveCfg = Release|Any CPU
		{AF58784D-9E5C-47E6-89EE-4FFD34555847}.Release|Any CPU.Build.0 = Release|Any CPU
		{93FE936F-DD32-46F4-B708-DF087087E5C4}.Debug|Any CPU.ActiveCfg = Debug|Any CPU
		{93FE936F-DD32-46F4-B708-DF087087E5C4}.Debug|Any CPU.Build.0 = Debug|Any CPU
		{93FE936F-DD32-46F4-B708-DF087087E5C4}.Release|Any CPU.ActiveCfg = Release|Any CPU
		{93FE936F-DD32-46F4-B708-DF087087E5C4}.Release|Any CPU.Build.0 = Release|Any CPU
		{0EF0EF27-7501-42D6-90EB-59A9C80289F3}.Debug|Any CPU.ActiveCfg = Debug|Any CPU
		{0EF0EF27-7501-42D6-90EB-59A9C80289F3}.Debug|Any CPU.Build.0 = Debug|Any CPU
		{0EF0EF27-7501-42D6-90EB-59A9C80289F3}.Release|Any CPU.ActiveCfg = Release|Any CPU
		{0EF0EF27-7501-42D6-90EB-59A9C80289F3}.Release|Any CPU.Build.0 = Release|Any CPU
		{3AF1170E-085A-458B-BC98-05DD78EB5BF2}.Debug|Any CPU.ActiveCfg = Debug|Any CPU
		{3AF1170E-085A-458B-BC98-05DD78EB5BF2}.Debug|Any CPU.Build.0 = Debug|Any CPU
		{3AF1170E-085A-458B-BC98-05DD78EB5BF2}.Release|Any CPU.ActiveCfg = Release|Any CPU
		{3AF1170E-085A-458B-BC98-05DD78EB5BF2}.Release|Any CPU.Build.0 = Release|Any CPU
		{50C63239-FA93-496F-A7AA-78DBF54F2DBE}.Debug|Any CPU.ActiveCfg = Debug|Any CPU
		{50C63239-FA93-496F-A7AA-78DBF54F2DBE}.Debug|Any CPU.Build.0 = Debug|Any CPU
		{50C63239-FA93-496F-A7AA-78DBF54F2DBE}.Release|Any CPU.ActiveCfg = Release|Any CPU
		{50C63239-FA93-496F-A7AA-78DBF54F2DBE}.Release|Any CPU.Build.0 = Release|Any CPU
		{725F747F-9899-4FA5-92F4-ADE4847C9A49}.Debug|Any CPU.ActiveCfg = Debug|Any CPU
		{725F747F-9899-4FA5-92F4-ADE4847C9A49}.Debug|Any CPU.Build.0 = Debug|Any CPU
		{725F747F-9899-4FA5-92F4-ADE4847C9A49}.Release|Any CPU.ActiveCfg = Release|Any CPU
		{725F747F-9899-4FA5-92F4-ADE4847C9A49}.Release|Any CPU.Build.0 = Release|Any CPU
		{C0FB5CD4-998C-4736-A00B-AE815C845C96}.Debug|Any CPU.ActiveCfg = Debug|Any CPU
		{C0FB5CD4-998C-4736-A00B-AE815C845C96}.Debug|Any CPU.Build.0 = Debug|Any CPU
		{C0FB5CD4-998C-4736-A00B-AE815C845C96}.Release|Any CPU.ActiveCfg = Release|Any CPU
		{C0FB5CD4-998C-4736-A00B-AE815C845C96}.Release|Any CPU.Build.0 = Release|Any CPU
		{E5DDD444-719D-466B-819F-5495EC54233B}.Debug|Any CPU.ActiveCfg = Debug|Any CPU
		{E5DDD444-719D-466B-819F-5495EC54233B}.Debug|Any CPU.Build.0 = Debug|Any CPU
		{E5DDD444-719D-466B-819F-5495EC54233B}.Release|Any CPU.ActiveCfg = Release|Any CPU
		{E5DDD444-719D-466B-819F-5495EC54233B}.Release|Any CPU.Build.0 = Release|Any CPU
		{8C8BF42F-7CB1-4BEA-9439-E66B75A79B2D}.Debug|Any CPU.ActiveCfg = Debug|Any CPU
		{8C8BF42F-7CB1-4BEA-9439-E66B75A79B2D}.Debug|Any CPU.Build.0 = Debug|Any CPU
		{8C8BF42F-7CB1-4BEA-9439-E66B75A79B2D}.Release|Any CPU.ActiveCfg = Release|Any CPU
		{8C8BF42F-7CB1-4BEA-9439-E66B75A79B2D}.Release|Any CPU.Build.0 = Release|Any CPU
		{9005144D-0363-4B13-8875-3CE729C8B1A0}.Debug|Any CPU.ActiveCfg = Debug|Any CPU
		{9005144D-0363-4B13-8875-3CE729C8B1A0}.Debug|Any CPU.Build.0 = Debug|Any CPU
		{9005144D-0363-4B13-8875-3CE729C8B1A0}.Release|Any CPU.ActiveCfg = Release|Any CPU
		{9005144D-0363-4B13-8875-3CE729C8B1A0}.Release|Any CPU.Build.0 = Release|Any CPU
		{F599C01F-3516-4C3C-AAC2-0FCCD713C0A7}.Debug|Any CPU.ActiveCfg = Debug|Any CPU
		{F599C01F-3516-4C3C-AAC2-0FCCD713C0A7}.Debug|Any CPU.Build.0 = Debug|Any CPU
		{F599C01F-3516-4C3C-AAC2-0FCCD713C0A7}.Release|Any CPU.ActiveCfg = Release|Any CPU
		{F599C01F-3516-4C3C-AAC2-0FCCD713C0A7}.Release|Any CPU.Build.0 = Release|Any CPU
		{A9491E23-DC90-4CC9-84EF-6FB32D1DD271}.Debug|Any CPU.ActiveCfg = Debug|Any CPU
		{A9491E23-DC90-4CC9-84EF-6FB32D1DD271}.Debug|Any CPU.Build.0 = Debug|Any CPU
		{A9491E23-DC90-4CC9-84EF-6FB32D1DD271}.Release|Any CPU.ActiveCfg = Release|Any CPU
		{A9491E23-DC90-4CC9-84EF-6FB32D1DD271}.Release|Any CPU.Build.0 = Release|Any CPU
		{79154B4C-7BB5-428F-A54F-D6C912B8ECD5}.Debug|Any CPU.ActiveCfg = Debug|Any CPU
		{79154B4C-7BB5-428F-A54F-D6C912B8ECD5}.Debug|Any CPU.Build.0 = Debug|Any CPU
		{79154B4C-7BB5-428F-A54F-D6C912B8ECD5}.Release|Any CPU.ActiveCfg = Release|Any CPU
		{79154B4C-7BB5-428F-A54F-D6C912B8ECD5}.Release|Any CPU.Build.0 = Release|Any CPU
		{1575782F-BCF6-4725-AE4A-1F8EAA5AFEDB}.Debug|Any CPU.ActiveCfg = Debug|Any CPU
		{1575782F-BCF6-4725-AE4A-1F8EAA5AFEDB}.Debug|Any CPU.Build.0 = Debug|Any CPU
		{1575782F-BCF6-4725-AE4A-1F8EAA5AFEDB}.Release|Any CPU.ActiveCfg = Release|Any CPU
		{1575782F-BCF6-4725-AE4A-1F8EAA5AFEDB}.Release|Any CPU.Build.0 = Release|Any CPU
		{6955DC32-925F-4E69-816A-DA900CB6B006}.Debug|Any CPU.ActiveCfg = Debug|Any CPU
		{6955DC32-925F-4E69-816A-DA900CB6B006}.Debug|Any CPU.Build.0 = Debug|Any CPU
		{6955DC32-925F-4E69-816A-DA900CB6B006}.Release|Any CPU.ActiveCfg = Release|Any CPU
		{6955DC32-925F-4E69-816A-DA900CB6B006}.Release|Any CPU.Build.0 = Release|Any CPU
		{47674900-47F0-4D1F-8B56-C4738F23961D}.Debug|Any CPU.ActiveCfg = Debug|Any CPU
		{47674900-47F0-4D1F-8B56-C4738F23961D}.Debug|Any CPU.Build.0 = Debug|Any CPU
		{47674900-47F0-4D1F-8B56-C4738F23961D}.Release|Any CPU.ActiveCfg = Release|Any CPU
		{47674900-47F0-4D1F-8B56-C4738F23961D}.Release|Any CPU.Build.0 = Release|Any CPU
		{447042C6-6060-417F-9436-D061C307CF03}.Debug|Any CPU.ActiveCfg = Debug|Any CPU
		{447042C6-6060-417F-9436-D061C307CF03}.Debug|Any CPU.Build.0 = Debug|Any CPU
		{447042C6-6060-417F-9436-D061C307CF03}.Release|Any CPU.ActiveCfg = Release|Any CPU
		{447042C6-6060-417F-9436-D061C307CF03}.Release|Any CPU.Build.0 = Release|Any CPU
		{8ED58975-2747-4595-AF34-78595D15414D}.Debug|Any CPU.ActiveCfg = Debug|Any CPU
		{8ED58975-2747-4595-AF34-78595D15414D}.Debug|Any CPU.Build.0 = Debug|Any CPU
		{8ED58975-2747-4595-AF34-78595D15414D}.Release|Any CPU.ActiveCfg = Release|Any CPU
		{8ED58975-2747-4595-AF34-78595D15414D}.Release|Any CPU.Build.0 = Release|Any CPU
		{2DB721FE-6226-48B9-B679-0D3533053174}.Debug|Any CPU.ActiveCfg = Debug|Any CPU
		{2DB721FE-6226-48B9-B679-0D3533053174}.Debug|Any CPU.Build.0 = Debug|Any CPU
		{2DB721FE-6226-48B9-B679-0D3533053174}.Release|Any CPU.ActiveCfg = Release|Any CPU
		{2DB721FE-6226-48B9-B679-0D3533053174}.Release|Any CPU.Build.0 = Release|Any CPU
		{076307DF-65BC-4DE5-A84D-72230A9E7824}.Debug|Any CPU.ActiveCfg = Debug|Any CPU
		{076307DF-65BC-4DE5-A84D-72230A9E7824}.Debug|Any CPU.Build.0 = Debug|Any CPU
		{076307DF-65BC-4DE5-A84D-72230A9E7824}.Release|Any CPU.ActiveCfg = Release|Any CPU
		{076307DF-65BC-4DE5-A84D-72230A9E7824}.Release|Any CPU.Build.0 = Release|Any CPU
		{564F6002-9C11-4F49-9003-33792D87A143}.Debug|Any CPU.ActiveCfg = Debug|Any CPU
		{564F6002-9C11-4F49-9003-33792D87A143}.Debug|Any CPU.Build.0 = Debug|Any CPU
		{564F6002-9C11-4F49-9003-33792D87A143}.Release|Any CPU.ActiveCfg = Release|Any CPU
		{564F6002-9C11-4F49-9003-33792D87A143}.Release|Any CPU.Build.0 = Release|Any CPU
		{EB6F724F-F677-4A17-90B7-D6BA93552462}.Debug|Any CPU.ActiveCfg = Debug|Any CPU
		{EB6F724F-F677-4A17-90B7-D6BA93552462}.Debug|Any CPU.Build.0 = Debug|Any CPU
		{EB6F724F-F677-4A17-90B7-D6BA93552462}.Release|Any CPU.ActiveCfg = Release|Any CPU
		{EB6F724F-F677-4A17-90B7-D6BA93552462}.Release|Any CPU.Build.0 = Release|Any CPU
	EndGlobalSection
	GlobalSection(SolutionProperties) = preSolution
		HideSolutionNode = FALSE
	EndGlobalSection
	GlobalSection(NestedProjects) = preSolution
		{E8742AE2-D216-4A00-A6F0-307E70DDAE8D} = {5C7B8FC3-DD27-4B09-B4A2-AE5F53329E60}
		{AF58784D-9E5C-47E6-89EE-4FFD34555847} = {E8742AE2-D216-4A00-A6F0-307E70DDAE8D}
		{81BAD4C5-A1F8-4A7F-A046-26B4919E4D85} = {5C7B8FC3-DD27-4B09-B4A2-AE5F53329E60}
		{93FE936F-DD32-46F4-B708-DF087087E5C4} = {81BAD4C5-A1F8-4A7F-A046-26B4919E4D85}
		{931C29EF-27A5-4193-84B0-30E747B0CCC5} = {5C7B8FC3-DD27-4B09-B4A2-AE5F53329E60}
		{0EF0EF27-7501-42D6-90EB-59A9C80289F3} = {90AABFDD-6D00-431A-9223-866788FD4E4E}
		{7197AE4C-333C-4EA4-ABB3-883133610E81} = {931C29EF-27A5-4193-84B0-30E747B0CCC5}
		{3AF1170E-085A-458B-BC98-05DD78EB5BF2} = {7197AE4C-333C-4EA4-ABB3-883133610E81}
		{50C63239-FA93-496F-A7AA-78DBF54F2DBE} = {7197AE4C-333C-4EA4-ABB3-883133610E81}
		{5A7E1B25-C737-4383-AFA6-1E790CB33261} = {931C29EF-27A5-4193-84B0-30E747B0CCC5}
		{725F747F-9899-4FA5-92F4-ADE4847C9A49} = {5A7E1B25-C737-4383-AFA6-1E790CB33261}
		{8453999B-EF89-4EAE-B03E-D3AD3E00AEEC} = {931C29EF-27A5-4193-84B0-30E747B0CCC5}
		{C0FB5CD4-998C-4736-A00B-AE815C845C96} = {8453999B-EF89-4EAE-B03E-D3AD3E00AEEC}
		{3313BD5D-6852-45DD-847D-01AD6D8260A1} = {5C7B8FC3-DD27-4B09-B4A2-AE5F53329E60}
		{E5DDD444-719D-466B-819F-5495EC54233B} = {3313BD5D-6852-45DD-847D-01AD6D8260A1}
		{8C8BF42F-7CB1-4BEA-9439-E66B75A79B2D} = {3313BD5D-6852-45DD-847D-01AD6D8260A1}
		{9005144D-0363-4B13-8875-3CE729C8B1A0} = {3313BD5D-6852-45DD-847D-01AD6D8260A1}
		{F599C01F-3516-4C3C-AAC2-0FCCD713C0A7} = {3313BD5D-6852-45DD-847D-01AD6D8260A1}
		{A9491E23-DC90-4CC9-84EF-6FB32D1DD271} = {3313BD5D-6852-45DD-847D-01AD6D8260A1}
		{4C2C57C7-94A5-4F14-A494-07556B0F9095} = {5C7B8FC3-DD27-4B09-B4A2-AE5F53329E60}
		{79154B4C-7BB5-428F-A54F-D6C912B8ECD5} = {4C2C57C7-94A5-4F14-A494-07556B0F9095}
		{1575782F-BCF6-4725-AE4A-1F8EAA5AFEDB} = {6B7E1A66-DD84-4CB7-ABB5-6528E1F7D4A6}
		{6955DC32-925F-4E69-816A-DA900CB6B006} = {6B7E1A66-DD84-4CB7-ABB5-6528E1F7D4A6}
		{9DBF814B-0AA6-46E8-8127-F06ECC7E7C65} = {5C7B8FC3-DD27-4B09-B4A2-AE5F53329E60}
		{47674900-47F0-4D1F-8B56-C4738F23961D} = {9DBF814B-0AA6-46E8-8127-F06ECC7E7C65}
		{447042C6-6060-417F-9436-D061C307CF03} = {77C9101D-59E4-4FB5-A353-870975B70FBD}
		{65B2FACF-0DE9-4EE4-B413-809B6D74B13D} = {5C7B8FC3-DD27-4B09-B4A2-AE5F53329E60}
		{0C3A9A68-10BB-4AF7-BFED-8F124D8C74AA} = {5C7B8FC3-DD27-4B09-B4A2-AE5F53329E60}
		{8ED58975-2747-4595-AF34-78595D15414D} = {0C3A9A68-10BB-4AF7-BFED-8F124D8C74AA}
		{77291D3B-E2AA-4B83-830A-4E62B0C03D7E} = {5C7B8FC3-DD27-4B09-B4A2-AE5F53329E60}
		{2DB721FE-6226-48B9-B679-0D3533053174} = {77291D3B-E2AA-4B83-830A-4E62B0C03D7E}
		{076307DF-65BC-4DE5-A84D-72230A9E7824} = {65B2FACF-0DE9-4EE4-B413-809B6D74B13D}
		{997395C8-3785-4E20-855E-2F63C985A0B8} = {5C7B8FC3-DD27-4B09-B4A2-AE5F53329E60}
		{564F6002-9C11-4F49-9003-33792D87A143} = {997395C8-3785-4E20-855E-2F63C985A0B8}
		{EB6F724F-F677-4A17-90B7-D6BA93552462} = {CD87FF42-4F73-4246-8563-286010DF4313}
	EndGlobalSection
EndGlobal
